// !$*UTF8*$!
{
	archiveVersion = 1;
	classes = {
	};
	objectVersion = 56;
	objects = {

/* Begin PBXBuildFile section */
		C8A23B1E297F60B4003E4B86 /* Island.swift in Sources */ = {isa = PBXBuildFile; fileRef = C8A23B1D297F60B4003E4B86 /* Island.swift */; };
		C8A23B20297F6274003E4B86 /* Layer.swift in Sources */ = {isa = PBXBuildFile; fileRef = C8A23B1F297F6274003E4B86 /* Layer.swift */; };
		C8A23B22297F661C003E4B86 /* Cloud.swift in Sources */ = {isa = PBXBuildFile; fileRef = C8A23B21297F661C003E4B86 /* Cloud.swift */; };
		C8B6D8262976179B000601B3 /* AppDelegate.swift in Sources */ = {isa = PBXBuildFile; fileRef = C8B6D8252976179B000601B3 /* AppDelegate.swift */; };
		C8B6D8282976179B000601B3 /* GameScene.sks in Resources */ = {isa = PBXBuildFile; fileRef = C8B6D8272976179B000601B3 /* GameScene.sks */; };
		C8B6D82A2976179B000601B3 /* Actions.sks in Resources */ = {isa = PBXBuildFile; fileRef = C8B6D8292976179B000601B3 /* Actions.sks */; };
		C8B6D82C2976179B000601B3 /* GameScene.swift in Sources */ = {isa = PBXBuildFile; fileRef = C8B6D82B2976179B000601B3 /* GameScene.swift */; };
		C8B6D82E2976179B000601B3 /* GameViewController.swift in Sources */ = {isa = PBXBuildFile; fileRef = C8B6D82D2976179B000601B3 /* GameViewController.swift */; };
		C8B6D8312976179B000601B3 /* Main.storyboard in Resources */ = {isa = PBXBuildFile; fileRef = C8B6D82F2976179B000601B3 /* Main.storyboard */; };
		C8B6D8332976179D000601B3 /* Assets.xcassets in Resources */ = {isa = PBXBuildFile; fileRef = C8B6D8322976179D000601B3 /* Assets.xcassets */; };
		C8B6D8362976179D000601B3 /* LaunchScreen.storyboard in Resources */ = {isa = PBXBuildFile; fileRef = C8B6D8342976179D000601B3 /* LaunchScreen.storyboard */; };
		C8B6D84029761DA7000601B3 /* GameObject.swift in Sources */ = {isa = PBXBuildFile; fileRef = C8B6D83F29761DA7000601B3 /* GameObject.swift */; };
		C8B6D843297628DA000601B3 /* Ocean.swift in Sources */ = {isa = PBXBuildFile; fileRef = C8B6D842297628DA000601B3 /* Ocean.swift */; };
		C8B6D84529763F43000601B3 /* Player.swift in Sources */ = {isa = PBXBuildFile; fileRef = C8B6D84429763F43000601B3 /* Player.swift */; };
		C8B6D84729764289000601B3 /* GameProtocol.swift in Sources */ = {isa = PBXBuildFile; fileRef = C8B6D84629764289000601B3 /* GameProtocol.swift */; };
		C8C38AF829903F73007E7CEC /* ScoreManager.swift in Sources */ = {isa = PBXBuildFile; fileRef = C8C38AF729903F73007E7CEC /* ScoreManager.swift */; };
		C8C38AFA29903F81007E7CEC /* CollisionManager.swift in Sources */ = {isa = PBXBuildFile; fileRef = C8C38AF929903F81007E7CEC /* CollisionManager.swift */; };
		C8C38AFC29904403007E7CEC /* audio in Resources */ = {isa = PBXBuildFile; fileRef = C8C38AFB29904403007E7CEC /* audio */; };
/* End PBXBuildFile section */

/* Begin PBXFileReference section */
		C8A23B1D297F60B4003E4B86 /* Island.swift */ = {isa = PBXFileReference; lastKnownFileType = sourcecode.swift; path = Island.swift; sourceTree = "<group>"; };
		C8A23B1F297F6274003E4B86 /* Layer.swift */ = {isa = PBXFileReference; lastKnownFileType = sourcecode.swift; path = Layer.swift; sourceTree = "<group>"; };
		C8A23B21297F661C003E4B86 /* Cloud.swift */ = {isa = PBXFileReference; lastKnownFileType = sourcecode.swift; path = Cloud.swift; sourceTree = "<group>"; };
		C8B6D8222976179B000601B3 /* ICE-1A.app */ = {isa = PBXFileReference; explicitFileType = wrapper.application; includeInIndex = 0; path = "ICE-1A.app"; sourceTree = BUILT_PRODUCTS_DIR; };
		C8B6D8252976179B000601B3 /* AppDelegate.swift */ = {isa = PBXFileReference; lastKnownFileType = sourcecode.swift; path = AppDelegate.swift; sourceTree = "<group>"; };
		C8B6D8272976179B000601B3 /* GameScene.sks */ = {isa = PBXFileReference; lastKnownFileType = file.sks; path = GameScene.sks; sourceTree = "<group>"; };
		C8B6D8292976179B000601B3 /* Actions.sks */ = {isa = PBXFileReference; lastKnownFileType = file.sks; path = Actions.sks; sourceTree = "<group>"; };
		C8B6D82B2976179B000601B3 /* GameScene.swift */ = {isa = PBXFileReference; lastKnownFileType = sourcecode.swift; path = GameScene.swift; sourceTree = "<group>"; };
		C8B6D82D2976179B000601B3 /* GameViewController.swift */ = {isa = PBXFileReference; lastKnownFileType = sourcecode.swift; path = GameViewController.swift; sourceTree = "<group>"; };
		C8B6D8302976179B000601B3 /* Base */ = {isa = PBXFileReference; lastKnownFileType = file.storyboard; name = Base; path = Base.lproj/Main.storyboard; sourceTree = "<group>"; };
		C8B6D8322976179D000601B3 /* Assets.xcassets */ = {isa = PBXFileReference; lastKnownFileType = folder.assetcatalog; path = Assets.xcassets; sourceTree = "<group>"; };
		C8B6D8352976179D000601B3 /* Base */ = {isa = PBXFileReference; lastKnownFileType = file.storyboard; name = Base; path = Base.lproj/LaunchScreen.storyboard; sourceTree = "<group>"; };
		C8B6D83F29761DA7000601B3 /* GameObject.swift */ = {isa = PBXFileReference; lastKnownFileType = sourcecode.swift; path = GameObject.swift; sourceTree = "<group>"; };
		C8B6D842297628DA000601B3 /* Ocean.swift */ = {isa = PBXFileReference; lastKnownFileType = sourcecode.swift; path = Ocean.swift; sourceTree = "<group>"; };
		C8B6D84429763F43000601B3 /* Player.swift */ = {isa = PBXFileReference; lastKnownFileType = sourcecode.swift; path = Player.swift; sourceTree = "<group>"; };
		C8B6D84629764289000601B3 /* GameProtocol.swift */ = {isa = PBXFileReference; lastKnownFileType = sourcecode.swift; path = GameProtocol.swift; sourceTree = "<group>"; };
		C8C38AF729903F73007E7CEC /* ScoreManager.swift */ = {isa = PBXFileReference; lastKnownFileType = sourcecode.swift; path = ScoreManager.swift; sourceTree = "<group>"; };
		C8C38AF929903F81007E7CEC /* CollisionManager.swift */ = {isa = PBXFileReference; lastKnownFileType = sourcecode.swift; path = CollisionManager.swift; sourceTree = "<group>"; };
		C8C38AFB29904403007E7CEC /* audio */ = {isa = PBXFileReference; lastKnownFileType = folder; name = audio; path = "../../../../../Downloads/MAPD724-W2023-ICE-3A-main/MAPD724-W2023-ICE-3A/Assets/audio"; sourceTree = "<group>"; };
/* End PBXFileReference section */

/* Begin PBXFrameworksBuildPhase section */
		C8B6D81F2976179B000601B3 /* Frameworks */ = {
			isa = PBXFrameworksBuildPhase;
			buildActionMask = 2147483647;
			files = (
			);
			runOnlyForDeploymentPostprocessing = 0;
		};
/* End PBXFrameworksBuildPhase section */

/* Begin PBXGroup section */
		C8B6D8192976179B000601B3 = {
			isa = PBXGroup;
			children = (
				C8B6D8242976179B000601B3 /* ICE-1A */,
				C8B6D8232976179B000601B3 /* Products */,
			);
			sourceTree = "<group>";
		};
		C8B6D8232976179B000601B3 /* Products */ = {
			isa = PBXGroup;
			children = (
				C8B6D8222976179B000601B3 /* ICE-1A.app */,
			);
			name = Products;
			sourceTree = "<group>";
		};
		C8B6D8242976179B000601B3 /* ICE-1A */ = {
			isa = PBXGroup;
			children = (
				C8C38AFB29904403007E7CEC /* audio */,
				C8C38AF629903F54007E7CEC /* Managers */,
				C8B6D841297628A3000601B3 /* GameObjects */,
				C8B6D83E29761D86000601B3 /* Core */,
				C8B6D8252976179B000601B3 /* AppDelegate.swift */,
				C8B6D8272976179B000601B3 /* GameScene.sks */,
				C8B6D8292976179B000601B3 /* Actions.sks */,
				C8B6D82B2976179B000601B3 /* GameScene.swift */,
				C8B6D82D2976179B000601B3 /* GameViewController.swift */,
				C8B6D82F2976179B000601B3 /* Main.storyboard */,
				C8B6D8322976179D000601B3 /* Assets.xcassets */,
				C8B6D8342976179D000601B3 /* LaunchScreen.storyboard */,
			);
			path = "ICE-1A";
			sourceTree = "<group>";
		};
		C8B6D83E29761D86000601B3 /* Core */ = {
			isa = PBXGroup;
			children = (
				C8B6D83F29761DA7000601B3 /* GameObject.swift */,
				C8B6D84629764289000601B3 /* GameProtocol.swift */,
				C8A23B1F297F6274003E4B86 /* Layer.swift */,
			);
			path = Core;
			sourceTree = "<group>";
		};
		C8B6D841297628A3000601B3 /* GameObjects */ = {
			isa = PBXGroup;
			children = (
				C8B6D842297628DA000601B3 /* Ocean.swift */,
				C8B6D84429763F43000601B3 /* Player.swift */,
				C8A23B1D297F60B4003E4B86 /* Island.swift */,
				C8A23B21297F661C003E4B86 /* Cloud.swift */,
			);
			path = GameObjects;
			sourceTree = "<group>";
		};
		C8C38AF629903F54007E7CEC /* Managers */ = {
			isa = PBXGroup;
			children = (
				C8C38AF729903F73007E7CEC /* ScoreManager.swift */,
				C8C38AF929903F81007E7CEC /* CollisionManager.swift */,
			);
			path = Managers;
			sourceTree = "<group>";
		};
/* End PBXGroup section */

/* Begin PBXNativeTarget section */
		C8B6D8212976179B000601B3 /* ICE-1A */ = {
			isa = PBXNativeTarget;
			buildConfigurationList = C8B6D8392976179D000601B3 /* Build configuration list for PBXNativeTarget "ICE-1A" */;
			buildPhases = (
				C8B6D81E2976179B000601B3 /* Sources */,
				C8B6D81F2976179B000601B3 /* Frameworks */,
				C8B6D8202976179B000601B3 /* Resources */,
			);
			buildRules = (
			);
			dependencies = (
			);
			name = "ICE-1A";
			productName = "ICE-1A";
			productReference = C8B6D8222976179B000601B3 /* ICE-1A.app */;
			productType = "com.apple.product-type.application";
		};
/* End PBXNativeTarget section */

/* Begin PBXProject section */
		C8B6D81A2976179B000601B3 /* Project object */ = {
			isa = PBXProject;
			attributes = {
				BuildIndependentTargetsInParallel = 1;
				LastSwiftUpdateCheck = 1420;
				LastUpgradeCheck = 1420;
				TargetAttributes = {
					C8B6D8212976179B000601B3 = {
						CreatedOnToolsVersion = 14.2;
					};
				};
			};
			buildConfigurationList = C8B6D81D2976179B000601B3 /* Build configuration list for PBXProject "ICE-1A" */;
			compatibilityVersion = "Xcode 14.0";
			developmentRegion = en;
			hasScannedForEncodings = 0;
			knownRegions = (
				en,
				Base,
			);
			mainGroup = C8B6D8192976179B000601B3;
			productRefGroup = C8B6D8232976179B000601B3 /* Products */;
			projectDirPath = "";
			projectRoot = "";
			targets = (
				C8B6D8212976179B000601B3 /* ICE-1A */,
			);
		};
/* End PBXProject section */

/* Begin PBXResourcesBuildPhase section */
		C8B6D8202976179B000601B3 /* Resources */ = {
			isa = PBXResourcesBuildPhase;
			buildActionMask = 2147483647;
			files = (
				C8B6D8312976179B000601B3 /* Main.storyboard in Resources */,
				C8B6D8282976179B000601B3 /* GameScene.sks in Resources */,
				C8B6D8332976179D000601B3 /* Assets.xcassets in Resources */,
				C8C38AFC29904403007E7CEC /* audio in Resources */,
				C8B6D8362976179D000601B3 /* LaunchScreen.storyboard in Resources */,
				C8B6D82A2976179B000601B3 /* Actions.sks in Resources */,
			);
			runOnlyForDeploymentPostprocessing = 0;
		};
/* End PBXResourcesBuildPhase section */

/* Begin PBXSourcesBuildPhase section */
		C8B6D81E2976179B000601B3 /* Sources */ = {
			isa = PBXSourcesBuildPhase;
			buildActionMask = 2147483647;
			files = (
				C8C38AFA29903F81007E7CEC /* CollisionManager.swift in Sources */,
				C8B6D84029761DA7000601B3 /* GameObject.swift in Sources */,
				C8B6D82C2976179B000601B3 /* GameScene.swift in Sources */,
				C8A23B1E297F60B4003E4B86 /* Island.swift in Sources */,
				C8B6D843297628DA000601B3 /* Ocean.swift in Sources */,
				C8B6D82E2976179B000601B3 /* GameViewController.swift in Sources */,
				C8A23B22297F661C003E4B86 /* Cloud.swift in Sources */,
				C8B6D84529763F43000601B3 /* Player.swift in Sources */,
				C8A23B20297F6274003E4B86 /* Layer.swift in Sources */,
				C8B6D8262976179B000601B3 /* AppDelegate.swift in Sources */,
				C8C38AF829903F73007E7CEC /* ScoreManager.swift in Sources */,
				C8B6D84729764289000601B3 /* GameProtocol.swift in Sources */,
			);
			runOnlyForDeploymentPostprocessing = 0;
		};
/* End PBXSourcesBuildPhase section */

/* Begin PBXVariantGroup section */
		C8B6D82F2976179B000601B3 /* Main.storyboard */ = {
			isa = PBXVariantGroup;
			children = (
				C8B6D8302976179B000601B3 /* Base */,
			);
			name = Main.storyboard;
			sourceTree = "<group>";
		};
		C8B6D8342976179D000601B3 /* LaunchScreen.storyboard */ = {
			isa = PBXVariantGroup;
			children = (
				C8B6D8352976179D000601B3 /* Base */,
			);
			name = LaunchScreen.storyboard;
			sourceTree = "<group>";
		};
/* End PBXVariantGroup section */

/* Begin XCBuildConfiguration section */
		C8B6D8372976179D000601B3 /* Debug */ = {
			isa = XCBuildConfiguration;
			buildSettings = {
				ALWAYS_SEARCH_USER_PATHS = NO;
				CLANG_ANALYZER_NONNULL = YES;
				CLANG_ANALYZER_NUMBER_OBJECT_CONVERSION = YES_AGGRESSIVE;
				CLANG_CXX_LANGUAGE_STANDARD = "gnu++20";
				CLANG_ENABLE_MODULES = YES;
				CLANG_ENABLE_OBJC_ARC = YES;
				CLANG_ENABLE_OBJC_WEAK = YES;
				CLANG_WARN_BLOCK_CAPTURE_AUTORELEASING = YES;
				CLANG_WARN_BOOL_CONVERSION = YES;
				CLANG_WARN_COMMA = YES;
				CLANG_WARN_CONSTANT_CONVERSION = YES;
				CLANG_WARN_DEPRECATED_OBJC_IMPLEMENTATIONS = YES;
				CLANG_WARN_DIRECT_OBJC_ISA_USAGE = YES_ERROR;
				CLANG_WARN_DOCUMENTATION_COMMENTS = YES;
				CLANG_WARN_EMPTY_BODY = YES;
				CLANG_WARN_ENUM_CONVERSION = YES;
				CLANG_WARN_INFINITE_RECURSION = YES;
				CLANG_WARN_INT_CONVERSION = YES;
				CLANG_WARN_NON_LITERAL_NULL_CONVERSION = YES;
				CLANG_WARN_OBJC_IMPLICIT_RETAIN_SELF = YES;
				CLANG_WARN_OBJC_LITERAL_CONVERSION = YES;
				CLANG_WARN_OBJC_ROOT_CLASS = YES_ERROR;
				CLANG_WARN_QUOTED_INCLUDE_IN_FRAMEWORK_HEADER = YES;
				CLANG_WARN_RANGE_LOOP_ANALYSIS = YES;
				CLANG_WARN_STRICT_PROTOTYPES = YES;
				CLANG_WARN_SUSPICIOUS_MOVE = YES;
				CLANG_WARN_UNGUARDED_AVAILABILITY = YES_AGGRESSIVE;
				CLANG_WARN_UNREACHABLE_CODE = YES;
				CLANG_WARN__DUPLICATE_METHOD_MATCH = YES;
				COPY_PHASE_STRIP = NO;
				DEBUG_INFORMATION_FORMAT = dwarf;
				ENABLE_STRICT_OBJC_MSGSEND = YES;
				ENABLE_TESTABILITY = YES;
				GCC_C_LANGUAGE_STANDARD = gnu11;
				GCC_DYNAMIC_NO_PIC = NO;
				GCC_NO_COMMON_BLOCKS = YES;
				GCC_OPTIMIZATION_LEVEL = 0;
				GCC_PREPROCESSOR_DEFINITIONS = (
					"DEBUG=1",
					"$(inherited)",
				);
				GCC_WARN_64_TO_32_BIT_CONVERSION = YES;
				GCC_WARN_ABOUT_RETURN_TYPE = YES_ERROR;
				GCC_WARN_UNDECLARED_SELECTOR = YES;
				GCC_WARN_UNINITIALIZED_AUTOS = YES_AGGRESSIVE;
				GCC_WARN_UNUSED_FUNCTION = YES;
				GCC_WARN_UNUSED_VARIABLE = YES;
				IPHONEOS_DEPLOYMENT_TARGET = 16.2;
				MTL_ENABLE_DEBUG_INFO = INCLUDE_SOURCE;
				MTL_FAST_MATH = YES;
				ONLY_ACTIVE_ARCH = YES;
				SDKROOT = iphoneos;
				SWIFT_ACTIVE_COMPILATION_CONDITIONS = DEBUG;
				SWIFT_OPTIMIZATION_LEVEL = "-Onone";
			};
			name = Debug;
		};
		C8B6D8382976179D000601B3 /* Release */ = {
			isa = XCBuildConfiguration;
			buildSettings = {
				ALWAYS_SEARCH_USER_PATHS = NO;
				CLANG_ANALYZER_NONNULL = YES;
				CLANG_ANALYZER_NUMBER_OBJECT_CONVERSION = YES_AGGRESSIVE;
				CLANG_CXX_LANGUAGE_STANDARD = "gnu++20";
				CLANG_ENABLE_MODULES = YES;
				CLANG_ENABLE_OBJC_ARC = YES;
				CLANG_ENABLE_OBJC_WEAK = YES;
				CLANG_WARN_BLOCK_CAPTURE_AUTORELEASING = YES;
				CLANG_WARN_BOOL_CONVERSION = YES;
				CLANG_WARN_COMMA = YES;
				CLANG_WARN_CONSTANT_CONVERSION = YES;
				CLANG_WARN_DEPRECATED_OBJC_IMPLEMENTATIONS = YES;
				CLANG_WARN_DIRECT_OBJC_ISA_USAGE = YES_ERROR;
				CLANG_WARN_DOCUMENTATION_COMMENTS = YES;
				CLANG_WARN_EMPTY_BODY = YES;
				CLANG_WARN_ENUM_CONVERSION = YES;
				CLANG_WARN_INFINITE_RECURSION = YES;
				CLANG_WARN_INT_CONVERSION = YES;
				CLANG_WARN_NON_LITERAL_NULL_CONVERSION = YES;
				CLANG_WARN_OBJC_IMPLICIT_RETAIN_SELF = YES;
				CLANG_WARN_OBJC_LITERAL_CONVERSION = YES;
				CLANG_WARN_OBJC_ROOT_CLASS = YES_ERROR;
				CLANG_WARN_QUOTED_INCLUDE_IN_FRAMEWORK_HEADER = YES;
				CLANG_WARN_RANGE_LOOP_ANALYSIS = YES;
				CLANG_WARN_STRICT_PROTOTYPES = YES;
				CLANG_WARN_SUSPICIOUS_MOVE = YES;
				CLANG_WARN_UNGUARDED_AVAILABILITY = YES_AGGRESSIVE;
				CLANG_WARN_UNREACHABLE_CODE = YES;
				CLANG_WARN__DUPLICATE_METHOD_MATCH = YES;
				COPY_PHASE_STRIP = NO;
				DEBUG_INFORMATION_FORMAT = "dwarf-with-dsym";
				ENABLE_NS_ASSERTIONS = NO;
				ENABLE_STRICT_OBJC_MSGSEND = YES;
				GCC_C_LANGUAGE_STANDARD = gnu11;
				GCC_NO_COMMON_BLOCKS = YES;
				GCC_WARN_64_TO_32_BIT_CONVERSION = YES;
				GCC_WARN_ABOUT_RETURN_TYPE = YES_ERROR;
				GCC_WARN_UNDECLARED_SELECTOR = YES;
				GCC_WARN_UNINITIALIZED_AUTOS = YES_AGGRESSIVE;
				GCC_WARN_UNUSED_FUNCTION = YES;
				GCC_WARN_UNUSED_VARIABLE = YES;
				IPHONEOS_DEPLOYMENT_TARGET = 16.2;
				MTL_ENABLE_DEBUG_INFO = NO;
				MTL_FAST_MATH = YES;
				SDKROOT = iphoneos;
				SWIFT_COMPILATION_MODE = wholemodule;
				SWIFT_OPTIMIZATION_LEVEL = "-O";
				VALIDATE_PRODUCT = YES;
			};
			name = Release;
		};
		C8B6D83A2976179D000601B3 /* Debug */ = {
			isa = XCBuildConfiguration;
			buildSettings = {
				ASSETCATALOG_COMPILER_APPICON_NAME = AppIcon;
				ASSETCATALOG_COMPILER_GLOBAL_ACCENT_COLOR_NAME = AccentColor;
				CODE_SIGN_STYLE = Automatic;
				CURRENT_PROJECT_VERSION = 1;
				DEVELOPMENT_TEAM = LJ3GN38QT5;
				GENERATE_INFOPLIST_FILE = YES;
				INFOPLIST_KEY_UIApplicationSupportsIndirectInputEvents = YES;
				INFOPLIST_KEY_UILaunchStoryboardName = LaunchScreen;
				INFOPLIST_KEY_UIMainStoryboardFile = Main;
				INFOPLIST_KEY_UIStatusBarHidden = YES;
				INFOPLIST_KEY_UISupportedInterfaceOrientations_iPad = "UIInterfaceOrientationPortrait UIInterfaceOrientationPortraitUpsideDown UIInterfaceOrientationLandscapeLeft UIInterfaceOrientationLandscapeRight";
				INFOPLIST_KEY_UISupportedInterfaceOrientations_iPhone = "UIInterfaceOrientationPortrait UIInterfaceOrientationLandscapeLeft UIInterfaceOrientationLandscapeRight";
				LD_RUNPATH_SEARCH_PATHS = (
					"$(inherited)",
					"@executable_path/Frameworks",
				);
				MARKETING_VERSION = 1.0;
				PRODUCT_BUNDLE_IDENTIFIER = "com.wilsonmungai.ICE-1A";
				PRODUCT_NAME = "$(TARGET_NAME)";
				SWIFT_EMIT_LOC_STRINGS = YES;
				SWIFT_VERSION = 5.0;
				TARGETED_DEVICE_FAMILY = "1,2";
			};
			name = Debug;
		};
		C8B6D83B2976179D000601B3 /* Release */ = {
			isa = XCBuildConfiguration;
			buildSettings = {
				ASSETCATALOG_COMPILER_APPICON_NAME = AppIcon;
				ASSETCATALOG_COMPILER_GLOBAL_ACCENT_COLOR_NAME = AccentColor;
				CODE_SIGN_STYLE = Automatic;
				CURRENT_PROJECT_VERSION = 1;
				DEVELOPMENT_TEAM = LJ3GN38QT5;
				GENERATE_INFOPLIST_FILE = YES;
				INFOPLIST_KEY_UIApplicationSupportsIndirectInputEvents = YES;
				INFOPLIST_KEY_UILaunchStoryboardName = LaunchScreen;
				INFOPLIST_KEY_UIMainStoryboardFile = Main;
				INFOPLIST_KEY_UIStatusBarHidden = YES;
				INFOPLIST_KEY_UISupportedInterfaceOrientations_iPad = "UIInterfaceOrientationPortrait UIInterfaceOrientationPortraitUpsideDown UIInterfaceOrientationLandscapeLeft UIInterfaceOrientationLandscapeRight";
				INFOPLIST_KEY_UISupportedInterfaceOrientations_iPhone = "UIInterfaceOrientationPortrait UIInterfaceOrientationLandscapeLeft UIInterfaceOrientationLandscapeRight";
				LD_RUNPATH_SEARCH_PATHS = (
					"$(inherited)",
					"@executable_path/Frameworks",
				);
				MARKETING_VERSION = 1.0;
				PRODUCT_BUNDLE_IDENTIFIER = "com.wilsonmungai.ICE-1A";
				PRODUCT_NAME = "$(TARGET_NAME)";
				SWIFT_EMIT_LOC_STRINGS = YES;
				SWIFT_VERSION = 5.0;
				TARGETED_DEVICE_FAMILY = "1,2";
			};
			name = Release;
		};
/* End XCBuildConfiguration section */

/* Begin XCConfigurationList section */
		C8B6D81D2976179B000601B3 /* Build configuration list for PBXProject "ICE-1A" */ = {
			isa = XCConfigurationList;
			buildConfigurations = (
				C8B6D8372976179D000601B3 /* Debug */,
				C8B6D8382976179D000601B3 /* Release */,
			);
			defaultConfigurationIsVisible = 0;
			defaultConfigurationName = Release;
		};
		C8B6D8392976179D000601B3 /* Build configuration list for PBXNativeTarget "ICE-1A" */ = {
			isa = XCConfigurationList;
			buildConfigurations = (
				C8B6D83A2976179D000601B3 /* Debug */,
				C8B6D83B2976179D000601B3 /* Release */,
			);
			defaultConfigurationIsVisible = 0;
			defaultConfigurationName = Release;
		};
/* End XCConfigurationList section */
	};
	rootObject = C8B6D81A2976179B000601B3 /* Project object */;
}
